
Microsoft Visual Studio Solution File, Format Version 12.00
# Visual Studio 14
VisualStudioVersion = 14.0.25420.1
MinimumVisualStudioVersion = 10.0.40219.1
Project("{FAE04EC0-301F-11D3-BF4B-00C04F79EFBC}") = "Breakout", "Breakout\Breakout\Breakout.csproj", "{46CC096A-19FB-465F-A4AE-7A2B4CF5439F}"
EndProject
Project("{96E2B04D-8817-42C6-938A-82C39BA4D311}") = "BreakoutContent", "Breakout\BreakoutContent\BreakoutContent.contentproj", "{0173CA81-E5DA-46A6-9FA5-99FA5364A75B}"
EndProject
Global
	GlobalSection(SolutionConfigurationPlatforms) = preSolution
		Debug|x86 = Debug|x86
		Release|x86 = Release|x86
	EndGlobalSection
	GlobalSection(ProjectConfigurationPlatforms) = postSolution
		{46CC096A-19FB-465F-A4AE-7A2B4CF5439F}.Debug|x86.ActiveCfg = Debug|x86
		{46CC096A-19FB-465F-A4AE-7A2B4CF5439F}.Debug|x86.Build.0 = Debug|x86
		{46CC096A-19FB-465F-A4AE-7A2B4CF5439F}.Release|x86.ActiveCfg = Release|x86
		{46CC096A-19FB-465F-A4AE-7A2B4CF5439F}.Release|x86.Build.0 = Release|x86
		{0173CA81-E5DA-46A6-9FA5-99FA5364A75B}.Debug|x86.ActiveCfg = Debug|x86
		{0173CA81-E5DA-46A6-9FA5-99FA5364A75B}.Release|x86.ActiveCfg = Release|x86
	EndGlobalSection
	GlobalSection(SolutionProperties) = preSolution
		HideSolutionNode = FALSE
	EndGlobalSection
EndGlobal
