
Microsoft Visual Studio Solution File, Format Version 12.00
# Visual Studio 14
VisualStudioVersion = 14.0.25420.1
MinimumVisualStudioVersion = 10.0.40219.1
Project("{FAE04EC0-301F-11D3-BF4B-00C04F79EFBC}") = "SchoolHomeSchool", "SchoolHomeSchool\SchoolHomeSchool\SchoolHomeSchool.csproj", "{B61AD278-19FE-40A2-A02A-451C0DB907CE}"
EndProject
Project("{96E2B04D-8817-42C6-938A-82C39BA4D311}") = "SchoolHomeSchoolContent", "SchoolHomeSchool\SchoolHomeSchoolContent\SchoolHomeSchoolContent.contentproj", "{354F275F-ACD3-40F0-9A23-4DA37E5D6A76}"
EndProject
Global
	GlobalSection(SolutionConfigurationPlatforms) = preSolution
		Debug|x86 = Debug|x86
		Release|x86 = Release|x86
	EndGlobalSection
	GlobalSection(ProjectConfigurationPlatforms) = postSolution
		{B61AD278-19FE-40A2-A02A-451C0DB907CE}.Debug|x86.ActiveCfg = Debug|x86
		{B61AD278-19FE-40A2-A02A-451C0DB907CE}.Debug|x86.Build.0 = Debug|x86
		{B61AD278-19FE-40A2-A02A-451C0DB907CE}.Release|x86.ActiveCfg = Release|x86
		{B61AD278-19FE-40A2-A02A-451C0DB907CE}.Release|x86.Build.0 = Release|x86
		{354F275F-ACD3-40F0-9A23-4DA37E5D6A76}.Debug|x86.ActiveCfg = Debug|x86
		{354F275F-ACD3-40F0-9A23-4DA37E5D6A76}.Release|x86.ActiveCfg = Release|x86
	EndGlobalSection
	GlobalSection(SolutionProperties) = preSolution
		HideSolutionNode = FALSE
	EndGlobalSection
EndGlobal
